
Microsoft Visual Studio Solution File, Format Version 12.00
# Visual Studio Version 16
VisualStudioVersion = 16.0.30225.117
MinimumVisualStudioVersion = 10.0.40219.1
Project("{F184B08F-C81C-45F6-A57F-5ABD9991F28F}") = "GBUKCEC-Text", "GBUKCEC-Text.vbproj", "{66C74BDE-A340-49F5-AD22-25005215029B}"
EndProject
Global
	GlobalSection(SolutionConfigurationPlatforms) = preSolution
		Debug|Any CPU = Debug|Any CPU
		Release|Any CPU = Release|Any CPU
	EndGlobalSection
	GlobalSection(ProjectConfigurationPlatforms) = postSolution
		{66C74BDE-A340-49F5-AD22-25005215029B}.Debug|Any CPU.ActiveCfg = Debug|Any CPU
		{66C74BDE-A340-49F5-AD22-25005215029B}.Debug|Any CPU.Build.0 = Debug|Any CPU
		{66C74BDE-A340-49F5-AD22-25005215029B}.Release|Any CPU.ActiveCfg = Release|Any CPU
		{66C74BDE-A340-49F5-AD22-25005215029B}.Release|Any CPU.Build.0 = Release|Any CPU
	EndGlobalSection
	GlobalSection(SolutionProperties) = preSolution
		HideSolutionNode = FALSE
	EndGlobalSection
	GlobalSection(ExtensibilityGlobals) = postSolution
		SolutionGuid = {A1B07E36-E758-4622-9808-7E007DF7D02A}
	EndGlobalSection
EndGlobal
